
Microsoft Visual Studio Solution File, Format Version 12.00
# Visual Studio Version 17
VisualStudioVersion = 17.3.32901.215
MinimumVisualStudioVersion = 10.0.40219.1
Project("{9A19103F-16F7-4668-BE54-9A1E7A4F7556}") = "PhotoFox.Model", "PhotoFox.Model\PhotoFox.Model.csproj", "{5A5C5FF8-87B2-47E5-93E0-90E8C7AD60C9}"
EndProject
Project("{9A19103F-16F7-4668-BE54-9A1E7A4F7556}") = "PhotoFox.Ui.Wpf", "PhotoFox.Ui.Wpf\PhotoFox.Ui.Wpf.csproj", "{E1B11CE9-6BD7-4DAC-A673-12C95657AD16}"
EndProject
Project("{9A19103F-16F7-4668-BE54-9A1E7A4F7556}") = "PhotoFox.Wpf.Ui.Mvvm", "PhotoFox.Wpf.Ui.Mvvm\PhotoFox.Wpf.Ui.Mvvm.csproj", "{B3A69E28-CF54-4E37-87C0-6425160FB926}"
EndProject
Project("{9A19103F-16F7-4668-BE54-9A1E7A4F7556}") = "PhotoFox.Storage", "PhotoFox.Storage\PhotoFox.Storage.csproj", "{3CD1CD26-1254-45B6-BCEC-B8250CD87F30}"
EndProject
Project("{9A19103F-16F7-4668-BE54-9A1E7A4F7556}") = "PhotoFox.Core", "PhotoFox.Core\PhotoFox.Core.csproj", "{FF06CF7B-636D-4FAA-BC11-C3A0BB172B56}"
EndProject
Project("{9A19103F-16F7-4668-BE54-9A1E7A4F7556}") = "PhotoFox.Services", "PhotoFox.Services\PhotoFox.Services.csproj", "{01875AF0-6172-4215-9F16-0EA96510EFAD}"
EndProject
Project("{9A19103F-16F7-4668-BE54-9A1E7A4F7556}") = "PhotoFox.CmdLine", "PhotoFox.CmdLine\PhotoFox.CmdLine.csproj", "{8A99E31D-B6E7-47AD-BAA7-679E6480E858}"
EndProject
Project("{9A19103F-16F7-4668-BE54-9A1E7A4F7556}") = "PhotoFox.Web", "PhotoFox.Web\PhotoFox.Web.csproj", "{D1896016-DF91-49E7-835E-0993E01BC196}"
EndProject
Project("{9A19103F-16F7-4668-BE54-9A1E7A4F7556}") = "PhotoFox.Mappings", "PhotoFox.Mappings\PhotoFox.Mappings.csproj", "{45BC9FCC-3DB9-4B52-82D8-FD8356A8B9E1}"
EndProject
Project("{9A19103F-16F7-4668-BE54-9A1E7A4F7556}") = "PhotoFox.Functions.UploadPhoto", "PhotoFox.Functions.UploadPhoto\PhotoFox.Functions.UploadPhoto.csproj", "{5F632907-D263-4475-B1CF-9EC4AA80AB67}"
EndProject
Project("{2150E333-8FDC-42A3-9474-1A3956D46DE8}") = "Tests", "Tests", "{E0F88376-8A08-453C-946B-48758E8AFD12}"
EndProject
Project("{9A19103F-16F7-4668-BE54-9A1E7A4F7556}") = "PhotoFox.Core.UnitTests", "PhotoFox.Core.UnitTests\PhotoFox.Core.UnitTests.csproj", "{31546FBC-EB4D-4628-884A-19E0E68EBB15}"
EndProject
Project("{9A19103F-16F7-4668-BE54-9A1E7A4F7556}") = "PhotoFox.Services.UnitTests", "PhotoFox.Services.UnitTests\PhotoFox.Services.UnitTests.csproj", "{9B64BCFC-A35F-414D-8F3B-8FBB0FF22F35}"
EndProject
Project("{9A19103F-16F7-4668-BE54-9A1E7A4F7556}") = "PhotoFox.Functions.Upload.UnitTests", "PhotoFox.Functions.UploadTests\PhotoFox.Functions.Upload.UnitTests.csproj", "{019F03AD-AB78-479C-A487-47FA94F80BF7}"
EndProject
Global
	GlobalSection(SolutionConfigurationPlatforms) = preSolution
		Debug|Any CPU = Debug|Any CPU
		Release|Any CPU = Release|Any CPU
	EndGlobalSection
	GlobalSection(ProjectConfigurationPlatforms) = postSolution
		{5A5C5FF8-87B2-47E5-93E0-90E8C7AD60C9}.Debug|Any CPU.ActiveCfg = Debug|Any CPU
		{5A5C5FF8-87B2-47E5-93E0-90E8C7AD60C9}.Debug|Any CPU.Build.0 = Debug|Any CPU
		{5A5C5FF8-87B2-47E5-93E0-90E8C7AD60C9}.Release|Any CPU.ActiveCfg = Release|Any CPU
		{5A5C5FF8-87B2-47E5-93E0-90E8C7AD60C9}.Release|Any CPU.Build.0 = Release|Any CPU
		{E1B11CE9-6BD7-4DAC-A673-12C95657AD16}.Debug|Any CPU.ActiveCfg = Debug|Any CPU
		{E1B11CE9-6BD7-4DAC-A673-12C95657AD16}.Debug|Any CPU.Build.0 = Debug|Any CPU
		{E1B11CE9-6BD7-4DAC-A673-12C95657AD16}.Release|Any CPU.ActiveCfg = Release|Any CPU
		{E1B11CE9-6BD7-4DAC-A673-12C95657AD16}.Release|Any CPU.Build.0 = Release|Any CPU
		{B3A69E28-CF54-4E37-87C0-6425160FB926}.Debug|Any CPU.ActiveCfg = Debug|Any CPU
		{B3A69E28-CF54-4E37-87C0-6425160FB926}.Debug|Any CPU.Build.0 = Debug|Any CPU
		{B3A69E28-CF54-4E37-87C0-6425160FB926}.Release|Any CPU.ActiveCfg = Release|Any CPU
		{B3A69E28-CF54-4E37-87C0-6425160FB926}.Release|Any CPU.Build.0 = Release|Any CPU
		{3CD1CD26-1254-45B6-BCEC-B8250CD87F30}.Debug|Any CPU.ActiveCfg = Debug|Any CPU
		{3CD1CD26-1254-45B6-BCEC-B8250CD87F30}.Debug|Any CPU.Build.0 = Debug|Any CPU
		{3CD1CD26-1254-45B6-BCEC-B8250CD87F30}.Release|Any CPU.ActiveCfg = Release|Any CPU
		{3CD1CD26-1254-45B6-BCEC-B8250CD87F30}.Release|Any CPU.Build.0 = Release|Any CPU
		{FF06CF7B-636D-4FAA-BC11-C3A0BB172B56}.Debug|Any CPU.ActiveCfg = Debug|Any CPU
		{FF06CF7B-636D-4FAA-BC11-C3A0BB172B56}.Debug|Any CPU.Build.0 = Debug|Any CPU
		{FF06CF7B-636D-4FAA-BC11-C3A0BB172B56}.Release|Any CPU.ActiveCfg = Release|Any CPU
		{FF06CF7B-636D-4FAA-BC11-C3A0BB172B56}.Release|Any CPU.Build.0 = Release|Any CPU
		{01875AF0-6172-4215-9F16-0EA96510EFAD}.Debug|Any CPU.ActiveCfg = Debug|Any CPU
		{01875AF0-6172-4215-9F16-0EA96510EFAD}.Debug|Any CPU.Build.0 = Debug|Any CPU
		{01875AF0-6172-4215-9F16-0EA96510EFAD}.Release|Any CPU.ActiveCfg = Release|Any CPU
		{01875AF0-6172-4215-9F16-0EA96510EFAD}.Release|Any CPU.Build.0 = Release|Any CPU
		{8A99E31D-B6E7-47AD-BAA7-679E6480E858}.Debug|Any CPU.ActiveCfg = Debug|Any CPU
		{8A99E31D-B6E7-47AD-BAA7-679E6480E858}.Debug|Any CPU.Build.0 = Debug|Any CPU
		{8A99E31D-B6E7-47AD-BAA7-679E6480E858}.Release|Any CPU.ActiveCfg = Release|Any CPU
		{8A99E31D-B6E7-47AD-BAA7-679E6480E858}.Release|Any CPU.Build.0 = Release|Any CPU
		{D1896016-DF91-49E7-835E-0993E01BC196}.Debug|Any CPU.ActiveCfg = Debug|Any CPU
		{D1896016-DF91-49E7-835E-0993E01BC196}.Debug|Any CPU.Build.0 = Debug|Any CPU
		{D1896016-DF91-49E7-835E-0993E01BC196}.Release|Any CPU.ActiveCfg = Release|Any CPU
		{D1896016-DF91-49E7-835E-0993E01BC196}.Release|Any CPU.Build.0 = Release|Any CPU
		{45BC9FCC-3DB9-4B52-82D8-FD8356A8B9E1}.Debug|Any CPU.ActiveCfg = Debug|Any CPU
		{45BC9FCC-3DB9-4B52-82D8-FD8356A8B9E1}.Debug|Any CPU.Build.0 = Debug|Any CPU
		{45BC9FCC-3DB9-4B52-82D8-FD8356A8B9E1}.Release|Any CPU.ActiveCfg = Release|Any CPU
		{45BC9FCC-3DB9-4B52-82D8-FD8356A8B9E1}.Release|Any CPU.Build.0 = Release|Any CPU
		{5F632907-D263-4475-B1CF-9EC4AA80AB67}.Debug|Any CPU.ActiveCfg = Debug|Any CPU
		{5F632907-D263-4475-B1CF-9EC4AA80AB67}.Debug|Any CPU.Build.0 = Debug|Any CPU
		{5F632907-D263-4475-B1CF-9EC4AA80AB67}.Release|Any CPU.ActiveCfg = Release|Any CPU
		{5F632907-D263-4475-B1CF-9EC4AA80AB67}.Release|Any CPU.Build.0 = Release|Any CPU
		{31546FBC-EB4D-4628-884A-19E0E68EBB15}.Debug|Any CPU.ActiveCfg = Debug|Any CPU
		{31546FBC-EB4D-4628-884A-19E0E68EBB15}.Debug|Any CPU.Build.0 = Debug|Any CPU
		{31546FBC-EB4D-4628-884A-19E0E68EBB15}.Release|Any CPU.ActiveCfg = Release|Any CPU
		{31546FBC-EB4D-4628-884A-19E0E68EBB15}.Release|Any CPU.Build.0 = Release|Any CPU
		{9B64BCFC-A35F-414D-8F3B-8FBB0FF22F35}.Debug|Any CPU.ActiveCfg = Debug|Any CPU
		{9B64BCFC-A35F-414D-8F3B-8FBB0FF22F35}.Debug|Any CPU.Build.0 = Debug|Any CPU
		{9B64BCFC-A35F-414D-8F3B-8FBB0FF22F35}.Release|Any CPU.ActiveCfg = Release|Any CPU
		{9B64BCFC-A35F-414D-8F3B-8FBB0FF22F35}.Release|Any CPU.Build.0 = Release|Any CPU
		{019F03AD-AB78-479C-A487-47FA94F80BF7}.Debug|Any CPU.ActiveCfg = Debug|Any CPU
		{019F03AD-AB78-479C-A487-47FA94F80BF7}.Debug|Any CPU.Build.0 = Debug|Any CPU
		{019F03AD-AB78-479C-A487-47FA94F80BF7}.Release|Any CPU.ActiveCfg = Release|Any CPU
		{019F03AD-AB78-479C-A487-47FA94F80BF7}.Release|Any CPU.Build.0 = Release|Any CPU
	EndGlobalSection
	GlobalSection(SolutionProperties) = preSolution
		HideSolutionNode = FALSE
	EndGlobalSection
	GlobalSection(NestedProjects) = preSolution
		{31546FBC-EB4D-4628-884A-19E0E68EBB15} = {E0F88376-8A08-453C-946B-48758E8AFD12}
		{9B64BCFC-A35F-414D-8F3B-8FBB0FF22F35} = {E0F88376-8A08-453C-946B-48758E8AFD12}
		{019F03AD-AB78-479C-A487-47FA94F80BF7} = {E0F88376-8A08-453C-946B-48758E8AFD12}
	EndGlobalSection
	GlobalSection(ExtensibilityGlobals) = postSolution
		SolutionGuid = {9654AB27-76B4-438F-9332-313E9E316616}
	EndGlobalSection
EndGlobal
